
Microsoft Visual Studio Solution File, Format Version 12.00
# Visual Studio Version 16
VisualStudioVersion = 16.0.32126.315
MinimumVisualStudioVersion = 10.0.40219.1
Project("{8BC9CEB8-8B4A-11D0-8D11-00A0C91BC942}") = "SIIN_STL", "SIIN_STL\SIIN_STL.vcxproj", "{D969F806-29D6-4B85-BC1B-3799D3EF8847}"
EndProject
Global
	GlobalSection(SolutionConfigurationPlatforms) = preSolution
		Debug|x64 = Debug|x64
		Debug|x86 = Debug|x86
		Release|x64 = Release|x64
		Release|x86 = Release|x86
	EndGlobalSection
	GlobalSection(ProjectConfigurationPlatforms) = postSolution
		{D969F806-29D6-4B85-BC1B-3799D3EF8847}.Debug|x64.ActiveCfg = Debug|x64
		{D969F806-29D6-4B85-BC1B-3799D3EF8847}.Debug|x64.Build.0 = Debug|x64
		{D969F806-29D6-4B85-BC1B-3799D3EF8847}.Debug|x86.ActiveCfg = Debug|Win32
		{D969F806-29D6-4B85-BC1B-3799D3EF8847}.Debug|x86.Build.0 = Debug|Win32
		{D969F806-29D6-4B85-BC1B-3799D3EF8847}.Release|x64.ActiveCfg = Release|x64
		{D969F806-29D6-4B85-BC1B-3799D3EF8847}.Release|x64.Build.0 = Release|x64
		{D969F806-29D6-4B85-BC1B-3799D3EF8847}.Release|x86.ActiveCfg = Release|Win32
		{D969F806-29D6-4B85-BC1B-3799D3EF8847}.Release|x86.Build.0 = Release|Win32
	EndGlobalSection
	GlobalSection(SolutionProperties) = preSolution
		HideSolutionNode = FALSE
	EndGlobalSection
	GlobalSection(ExtensibilityGlobals) = postSolution
		SolutionGuid = {81535BF4-68E3-4A69-A723-062C26CE020E}
	EndGlobalSection
EndGlobal
